
Microsoft Visual Studio Solution File, Format Version 12.00
# Visual Studio 2017
Project("{FAE04EC0-301F-11D3-BF4B-00C04F79EFBC}") = "DesignMyLife", "DesignMyLife.csproj", "{114EFE41-BE2D-6E36-0FFD-C8D8B7827B3A}"
EndProject
Project("{FAE04EC0-301F-11D3-BF4B-00C04F79EFBC}") = "DesignMyLife.Editor", "DesignMyLife.Editor.csproj", "{088F6BF7-608B-6B22-B2BD-817F7E0A96B2}"
EndProject
Global
	GlobalSection(SolutionConfigurationPlatforms) = preSolution
		Debug|Any CPU = Debug|Any CPU
		Release|Any CPU = Release|Any CPU
	EndGlobalSection
	GlobalSection(ProjectConfigurationPlatforms) = postSolution
		{114EFE41-BE2D-6E36-0FFD-C8D8B7827B3A}.Debug|Any CPU.ActiveCfg = Debug|Any CPU
		{114EFE41-BE2D-6E36-0FFD-C8D8B7827B3A}.Debug|Any CPU.Build.0 = Debug|Any CPU
		{114EFE41-BE2D-6E36-0FFD-C8D8B7827B3A}.Release|Any CPU.ActiveCfg = Release|Any CPU
		{114EFE41-BE2D-6E36-0FFD-C8D8B7827B3A}.Release|Any CPU.Build.0 = Release|Any CPU
		{088F6BF7-608B-6B22-B2BD-817F7E0A96B2}.Debug|Any CPU.ActiveCfg = Debug|Any CPU
		{088F6BF7-608B-6B22-B2BD-817F7E0A96B2}.Debug|Any CPU.Build.0 = Debug|Any CPU
		{088F6BF7-608B-6B22-B2BD-817F7E0A96B2}.Release|Any CPU.ActiveCfg = Release|Any CPU
		{088F6BF7-608B-6B22-B2BD-817F7E0A96B2}.Release|Any CPU.Build.0 = Release|Any CPU
	EndGlobalSection
	GlobalSection(SolutionProperties) = preSolution
		HideSolutionNode = FALSE
	EndGlobalSection
EndGlobal
